
Microsoft Visual Studio Solution File, Format Version 12.00
# Visual Studio Version 17
VisualStudioVersion = 17.14.37614.0
MinimumVisualStudioVersion = 10.0.40219.1
Project("{2150E333-8FDC-42A3-9474-1A3956D46DE8}") = "Task0", "Task0", "{02EA681E-C7D8-13C7-8484-4AC65E1B71E8}"
EndProject
Project("{FAE04EC0-301F-11D3-BF4B-00C04F79EFBC}") = "Tyuiu.YalalovNR.Sprint1.Task0.V27", "Tyuiu.YalalovNR.Sprint1.Task0.V27\Tyuiu.YalalovNR.Sprint1.Task0.V27.csproj", "{860D99D7-7203-409C-9A0F-7F9DA7870C92}"
EndProject
Project("{FAE04EC0-301F-11D3-BF4B-00C04F79EFBC}") = "Tyuiu.YalalovNR.Sprint1.Task0.V27.Lib", "Tyuiu.YalalovNR.Sprint1.Task0.V27.Lib\Tyuiu.YalalovNR.Sprint1.Task0.V27.Lib.csproj", "{6B439E8D-1BAA-4AD5-9834-1C333BDB6A6D}"
EndProject
Project("{FAE04EC0-301F-11D3-BF4B-00C04F79EFBC}") = "Tyuiu.YalalovNR.Sprint1.Task0.V27.Test", "Tyuiu.YalalovNR.Sprint1.Task0.V27.Test\Tyuiu.YalalovNR.Sprint1.Task0.V27.Test.csproj", "{41698AEF-1969-47F9-8A8B-F9B656BC09D0}"
EndProject
Project("{2150E333-8FDC-42A3-9474-1A3956D46DE8}") = "Task1", "Task1", "{390ABAE3-A4FE-43D5-800A-C2A59841F569}"
EndProject
Project("{FAE04EC0-301F-11D3-BF4B-00C04F79EFBC}") = "Tyuiu.YalalovNR.Sprint1.Task1.V18", "Tyuiu.YalalovNR.Sprint1.Task1.V18\Tyuiu.YalalovNR.Sprint1.Task1.V18.csproj", "{4830B88B-859B-43DF-AABB-9E8C39A06B09}"
EndProject
Project("{FAE04EC0-301F-11D3-BF4B-00C04F79EFBC}") = "Tyuiu.YalalovNR.Sprint1.Task1.V18.Lib", "Tyuiu.YalalovNR.Sprint1.Task1.V18.Lib\Tyuiu.YalalovNR.Sprint1.Task1.V18.Lib.csproj", "{DE58A744-B585-455B-AA55-8BE4C93C1D84}"
EndProject
Project("{FAE04EC0-301F-11D3-BF4B-00C04F79EFBC}") = "Tyuiu.YalalovNR.Sprint1.Task1.V18.Test", "Tyuiu.YalalovNR.Sprint1.Task1.V18.Test\Tyuiu.YalalovNR.Sprint1.Task1.V18.Test.csproj", "{593B2023-91FF-4996-9FD6-308CAEE655EA}"
EndProject
Project("{2150E333-8FDC-42A3-9474-1A3956D46DE8}") = "Task2", "Task2", "{23AB10DE-89CE-4824-A1C5-23C170506213}"
EndProject
Project("{2150E333-8FDC-42A3-9474-1A3956D46DE8}") = "Task3", "Task3", "{3542A026-8750-42BA-91ED-7E7C2B646693}"
EndProject
Project("{2150E333-8FDC-42A3-9474-1A3956D46DE8}") = "Task4", "Task4", "{7A6ABB90-0DBC-4023-A317-613666724FBE}"
EndProject
Project("{2150E333-8FDC-42A3-9474-1A3956D46DE8}") = "Task5", "Task5", "{8FAE46E6-1165-48FF-B435-60369E1880C0}"
EndProject
Project("{2150E333-8FDC-42A3-9474-1A3956D46DE8}") = "Task6", "Task6", "{7DA7B1D5-DFD7-4A57-8C12-25B29230434D}"
EndProject
Project("{2150E333-8FDC-42A3-9474-1A3956D46DE8}") = "Task7", "Task7", "{3D6108CB-ABBB-4ACF-AC32-DC24CB64C192}"
EndProject
Project("{FAE04EC0-301F-11D3-BF4B-00C04F79EFBC}") = "Tyuiu.YalalovNR.Sprint1.Task2.V18", "Tyuiu.YalalovNR.Sprint1.Task2.V18\Tyuiu.YalalovNR.Sprint1.Task2.V18.csproj", "{480102B9-4E24-465D-BEA8-534A9D4D51D8}"
EndProject
Project("{FAE04EC0-301F-11D3-BF4B-00C04F79EFBC}") = "Tyuiu.YalalovNR.Sprint1.Task2.V18.Lib", "Tyuiu.YalalovNR.Sprint1.Task2.V18.Lib\Tyuiu.YalalovNR.Sprint1.Task2.V18.Lib.csproj", "{58B8EF1A-5FD7-4A23-882A-7E750C95D16F}"
EndProject
Project("{FAE04EC0-301F-11D3-BF4B-00C04F79EFBC}") = "Tyuiu.YalalovNR.Sprint1.Task2.V18.Test", "Tyuiu.YalalovNR.Sprint1.Task2.V18.Test\Tyuiu.YalalovNR.Sprint1.Task2.V18.Test.csproj", "{FE78EB5D-237A-4C87-8886-3F626E5F96CC}"
EndProject
Global
	GlobalSection(SolutionConfigurationPlatforms) = preSolution
		Debug|Any CPU = Debug|Any CPU
		Release|Any CPU = Release|Any CPU
	EndGlobalSection
	GlobalSection(ProjectConfigurationPlatforms) = postSolution
		{860D99D7-7203-409C-9A0F-7F9DA7870C92}.Debug|Any CPU.ActiveCfg = Debug|Any CPU
		{860D99D7-7203-409C-9A0F-7F9DA7870C92}.Debug|Any CPU.Build.0 = Debug|Any CPU
		{860D99D7-7203-409C-9A0F-7F9DA7870C92}.Release|Any CPU.ActiveCfg = Release|Any CPU
		{860D99D7-7203-409C-9A0F-7F9DA7870C92}.Release|Any CPU.Build.0 = Release|Any CPU
		{6B439E8D-1BAA-4AD5-9834-1C333BDB6A6D}.Debug|Any CPU.ActiveCfg = Debug|Any CPU
		{6B439E8D-1BAA-4AD5-9834-1C333BDB6A6D}.Debug|Any CPU.Build.0 = Debug|Any CPU
		{6B439E8D-1BAA-4AD5-9834-1C333BDB6A6D}.Release|Any CPU.ActiveCfg = Release|Any CPU
		{6B439E8D-1BAA-4AD5-9834-1C333BDB6A6D}.Release|Any CPU.Build.0 = Release|Any CPU
		{41698AEF-1969-47F9-8A8B-F9B656BC09D0}.Debug|Any CPU.ActiveCfg = Debug|Any CPU
		{41698AEF-1969-47F9-8A8B-F9B656BC09D0}.Debug|Any CPU.Build.0 = Debug|Any CPU
		{41698AEF-1969-47F9-8A8B-F9B656BC09D0}.Release|Any CPU.ActiveCfg = Release|Any CPU
		{41698AEF-1969-47F9-8A8B-F9B656BC09D0}.Release|Any CPU.Build.0 = Release|Any CPU
		{4830B88B-859B-43DF-AABB-9E8C39A06B09}.Debug|Any CPU.ActiveCfg = Debug|Any CPU
		{4830B88B-859B-43DF-AABB-9E8C39A06B09}.Debug|Any CPU.Build.0 = Debug|Any CPU
		{4830B88B-859B-43DF-AABB-9E8C39A06B09}.Release|Any CPU.ActiveCfg = Release|Any CPU
		{4830B88B-859B-43DF-AABB-9E8C39A06B09}.Release|Any CPU.Build.0 = Release|Any CPU
		{DE58A744-B585-455B-AA55-8BE4C93C1D84}.Debug|Any CPU.ActiveCfg = Debug|Any CPU
		{DE58A744-B585-455B-AA55-8BE4C93C1D84}.Debug|Any CPU.Build.0 = Debug|Any CPU
		{DE58A744-B585-455B-AA55-8BE4C93C1D84}.Release|Any CPU.ActiveCfg = Release|Any CPU
		{DE58A744-B585-455B-AA55-8BE4C93C1D84}.Release|Any CPU.Build.0 = Release|Any CPU
		{593B2023-91FF-4996-9FD6-308CAEE655EA}.Debug|Any CPU.ActiveCfg = Debug|Any CPU
		{593B2023-91FF-4996-9FD6-308CAEE655EA}.Debug|Any CPU.Build.0 = Debug|Any CPU
		{593B2023-91FF-4996-9FD6-308CAEE655EA}.Release|Any CPU.ActiveCfg = Release|Any CPU
		{593B2023-91FF-4996-9FD6-308CAEE655EA}.Release|Any CPU.Build.0 = Release|Any CPU
		{480102B9-4E24-465D-BEA8-534A9D4D51D8}.Debug|Any CPU.ActiveCfg = Debug|Any CPU
		{480102B9-4E24-465D-BEA8-534A9D4D51D8}.Debug|Any CPU.Build.0 = Debug|Any CPU
		{480102B9-4E24-465D-BEA8-534A9D4D51D8}.Release|Any CPU.ActiveCfg = Release|Any CPU
		{480102B9-4E24-465D-BEA8-534A9D4D51D8}.Release|Any CPU.Build.0 = Release|Any CPU
		{58B8EF1A-5FD7-4A23-882A-7E750C95D16F}.Debug|Any CPU.ActiveCfg = Debug|Any CPU
		{58B8EF1A-5FD7-4A23-882A-7E750C95D16F}.Debug|Any CPU.Build.0 = Debug|Any CPU
		{58B8EF1A-5FD7-4A23-882A-7E750C95D16F}.Release|Any CPU.ActiveCfg = Release|Any CPU
		{58B8EF1A-5FD7-4A23-882A-7E750C95D16F}.Release|Any CPU.Build.0 = Release|Any CPU
		{FE78EB5D-237A-4C87-8886-3F626E5F96CC}.Debug|Any CPU.ActiveCfg = Debug|Any CPU
		{FE78EB5D-237A-4C87-8886-3F626E5F96CC}.Debug|Any CPU.Build.0 = Debug|Any CPU
		{FE78EB5D-237A-4C87-8886-3F626E5F96CC}.Release|Any CPU.ActiveCfg = Release|Any CPU
		{FE78EB5D-237A-4C87-8886-3F626E5F96CC}.Release|Any CPU.Build.0 = Release|Any CPU
	EndGlobalSection
	GlobalSection(SolutionProperties) = preSolution
		HideSolutionNode = FALSE
	EndGlobalSection
	GlobalSection(NestedProjects) = preSolution
		{860D99D7-7203-409C-9A0F-7F9DA7870C92} = {02EA681E-C7D8-13C7-8484-4AC65E1B71E8}
		{6B439E8D-1BAA-4AD5-9834-1C333BDB6A6D} = {02EA681E-C7D8-13C7-8484-4AC65E1B71E8}
		{41698AEF-1969-47F9-8A8B-F9B656BC09D0} = {02EA681E-C7D8-13C7-8484-4AC65E1B71E8}
		{4830B88B-859B-43DF-AABB-9E8C39A06B09} = {390ABAE3-A4FE-43D5-800A-C2A59841F569}
		{DE58A744-B585-455B-AA55-8BE4C93C1D84} = {390ABAE3-A4FE-43D5-800A-C2A59841F569}
		{593B2023-91FF-4996-9FD6-308CAEE655EA} = {390ABAE3-A4FE-43D5-800A-C2A59841F569}
		{480102B9-4E24-465D-BEA8-534A9D4D51D8} = {23AB10DE-89CE-4824-A1C5-23C170506213}
		{58B8EF1A-5FD7-4A23-882A-7E750C95D16F} = {23AB10DE-89CE-4824-A1C5-23C170506213}
		{FE78EB5D-237A-4C87-8886-3F626E5F96CC} = {23AB10DE-89CE-4824-A1C5-23C170506213}
	EndGlobalSection
	GlobalSection(ExtensibilityGlobals) = postSolution
		SolutionGuid = {7B3F1153-C02F-446F-AD71-174F4CCE59C5}
	EndGlobalSection
EndGlobal
